
Microsoft Visual Studio Solution File, Format Version 12.00
# Visual Studio Version 17
VisualStudioVersion = 17.0.32112.339
MinimumVisualStudioVersion = 10.0.40219.1
Project("{54A90642-561A-4BB1-A94E-469ADEE60C69}") = "WeddingRSVP.Client", "WeddingRSVP.Client\WeddingRSVP.Client\WeddingRSVP.Client.esproj", "{EDA2AD40-746D-47A9-87C0-17381C579250}"
EndProject
Project("{9A19103F-16F7-4668-BE54-9A1E7A4F7556}") = "WeddingRSVP.Server", "WeddingRSVP.Server\WeddingRSVP.Server\WeddingRSVP.Server.csproj", "{A38B1A16-8DA3-4FF1-8DA6-7CEEAF1C253F}"
EndProject
Global
	GlobalSection(SolutionConfigurationPlatforms) = preSolution
		Debug|Any CPU = Debug|Any CPU
		Release|Any CPU = Release|Any CPU
	EndGlobalSection
	GlobalSection(ProjectConfigurationPlatforms) = postSolution
		{EDA2AD40-746D-47A9-87C0-17381C579250}.Debug|Any CPU.ActiveCfg = Debug|Any CPU
		{EDA2AD40-746D-47A9-87C0-17381C579250}.Debug|Any CPU.Build.0 = Debug|Any CPU
		{EDA2AD40-746D-47A9-87C0-17381C579250}.Debug|Any CPU.Deploy.0 = Debug|Any CPU
		{EDA2AD40-746D-47A9-87C0-17381C579250}.Release|Any CPU.ActiveCfg = Release|Any CPU
		{EDA2AD40-746D-47A9-87C0-17381C579250}.Release|Any CPU.Build.0 = Release|Any CPU
		{EDA2AD40-746D-47A9-87C0-17381C579250}.Release|Any CPU.Deploy.0 = Release|Any CPU
		{A38B1A16-8DA3-4FF1-8DA6-7CEEAF1C253F}.Debug|Any CPU.ActiveCfg = Debug|Any CPU
		{A38B1A16-8DA3-4FF1-8DA6-7CEEAF1C253F}.Debug|Any CPU.Build.0 = Debug|Any CPU
		{A38B1A16-8DA3-4FF1-8DA6-7CEEAF1C253F}.Release|Any CPU.ActiveCfg = Release|Any CPU
		{A38B1A16-8DA3-4FF1-8DA6-7CEEAF1C253F}.Release|Any CPU.Build.0 = Release|Any CPU
	EndGlobalSection
	GlobalSection(SolutionProperties) = preSolution
		HideSolutionNode = FALSE
	EndGlobalSection
	GlobalSection(ExtensibilityGlobals) = postSolution
		SolutionGuid = {CD25F35B-6E79-433D-9493-A1D6CFCF82B3}
	EndGlobalSection
EndGlobal
